
Microsoft Visual Studio Solution File, Format Version 12.00
# Visual Studio Version 16
VisualStudioVersion = 16.0.30011.22
MinimumVisualStudioVersion = 10.0.40219.1
Project("{FAE04EC0-301F-11D3-BF4B-00C04F79EFBC}") = "Coś błyskotliwego", "Coś błyskotliwego.csproj", "{BAF80344-34B1-4A5C-89E1-C34CDD8B6907}"
EndProject
Global
	GlobalSection(SolutionConfigurationPlatforms) = preSolution
		Debug|Any CPU = Debug|Any CPU
		Release|Any CPU = Release|Any CPU
	EndGlobalSection
	GlobalSection(ProjectConfigurationPlatforms) = postSolution
		{BAF80344-34B1-4A5C-89E1-C34CDD8B6907}.Debug|Any CPU.ActiveCfg = Debug|Any CPU
		{BAF80344-34B1-4A5C-89E1-C34CDD8B6907}.Debug|Any CPU.Build.0 = Debug|Any CPU
		{BAF80344-34B1-4A5C-89E1-C34CDD8B6907}.Release|Any CPU.ActiveCfg = Release|Any CPU
		{BAF80344-34B1-4A5C-89E1-C34CDD8B6907}.Release|Any CPU.Build.0 = Release|Any CPU
	EndGlobalSection
	GlobalSection(SolutionProperties) = preSolution
		HideSolutionNode = FALSE
	EndGlobalSection
	GlobalSection(ExtensibilityGlobals) = postSolution
		SolutionGuid = {439E7BC3-8230-4E2B-8DA3-16D79246E551}
	EndGlobalSection
EndGlobal
